
Microsoft Visual Studio Solution File, Format Version 12.00
# Visual Studio 14
VisualStudioVersion = 14.0.25420.1
MinimumVisualStudioVersion = 10.0.40219.1
Project("{8BC9CEB8-8B4A-11D0-8D11-00A0C91BC942}") = "AsynchProcApp", "AsynchProcApp\AsynchProcApp.vcxproj", "{F3118F30-1246-4B7C-BF3F-AFD0C3196B3F}"
EndProject
Project("{8BC9CEB8-8B4A-11D0-8D11-00A0C91BC942}") = "ConsoleProcess", "ConsoleProcess\ConsoleProcess.vcxproj", "{FA642B99-3300-46F4-AC42-634F1A9E6049}"
EndProject
Global
	GlobalSection(SolutionConfigurationPlatforms) = preSolution
		Debug|x64 = Debug|x64
		Debug|x86 = Debug|x86
		Release|x64 = Release|x64
		Release|x86 = Release|x86
	EndGlobalSection
	GlobalSection(ProjectConfigurationPlatforms) = postSolution
		{F3118F30-1246-4B7C-BF3F-AFD0C3196B3F}.Debug|x64.ActiveCfg = Debug|x64
		{F3118F30-1246-4B7C-BF3F-AFD0C3196B3F}.Debug|x64.Build.0 = Debug|x64
		{F3118F30-1246-4B7C-BF3F-AFD0C3196B3F}.Debug|x86.ActiveCfg = Debug|Win32
		{F3118F30-1246-4B7C-BF3F-AFD0C3196B3F}.Debug|x86.Build.0 = Debug|Win32
		{F3118F30-1246-4B7C-BF3F-AFD0C3196B3F}.Release|x64.ActiveCfg = Release|x64
		{F3118F30-1246-4B7C-BF3F-AFD0C3196B3F}.Release|x64.Build.0 = Release|x64
		{F3118F30-1246-4B7C-BF3F-AFD0C3196B3F}.Release|x86.ActiveCfg = Release|Win32
		{F3118F30-1246-4B7C-BF3F-AFD0C3196B3F}.Release|x86.Build.0 = Release|Win32
		{FA642B99-3300-46F4-AC42-634F1A9E6049}.Debug|x64.ActiveCfg = Debug|x64
		{FA642B99-3300-46F4-AC42-634F1A9E6049}.Debug|x64.Build.0 = Debug|x64
		{FA642B99-3300-46F4-AC42-634F1A9E6049}.Debug|x86.ActiveCfg = Debug|Win32
		{FA642B99-3300-46F4-AC42-634F1A9E6049}.Debug|x86.Build.0 = Debug|Win32
		{FA642B99-3300-46F4-AC42-634F1A9E6049}.Release|x64.ActiveCfg = Release|x64
		{FA642B99-3300-46F4-AC42-634F1A9E6049}.Release|x64.Build.0 = Release|x64
		{FA642B99-3300-46F4-AC42-634F1A9E6049}.Release|x86.ActiveCfg = Release|Win32
		{FA642B99-3300-46F4-AC42-634F1A9E6049}.Release|x86.Build.0 = Release|Win32
	EndGlobalSection
	GlobalSection(SolutionProperties) = preSolution
		HideSolutionNode = FALSE
	EndGlobalSection
EndGlobal
