
Microsoft Visual Studio Solution File, Format Version 12.00
# Visual Studio 15
VisualStudioVersion = 15.0.26403.7
MinimumVisualStudioVersion = 10.0.40219.1
Project("{8BC9CEB8-8B4A-11D0-8D11-00A0C91BC942}") = "MainLibrary", "MainLibrary\MainLibrary.vcxproj", "{81EC3AD1-F235-423A-BFA0-32FFDDF4966A}"
EndProject
Project("{8BC9CEB8-8B4A-11D0-8D11-00A0C91BC942}") = "UseLibApp", "UseLibApp\UseLibApp.vcxproj", "{2B45EC98-D3C4-4A75-B7D3-F996DA45936C}"
EndProject
Global
	GlobalSection(SolutionConfigurationPlatforms) = preSolution
		Debug|x64 = Debug|x64
		Debug|x86 = Debug|x86
		Release|x64 = Release|x64
		Release|x86 = Release|x86
	EndGlobalSection
	GlobalSection(ProjectConfigurationPlatforms) = postSolution
		{81EC3AD1-F235-423A-BFA0-32FFDDF4966A}.Debug|x64.ActiveCfg = Debug|x64
		{81EC3AD1-F235-423A-BFA0-32FFDDF4966A}.Debug|x64.Build.0 = Debug|x64
		{81EC3AD1-F235-423A-BFA0-32FFDDF4966A}.Debug|x86.ActiveCfg = Debug|Win32
		{81EC3AD1-F235-423A-BFA0-32FFDDF4966A}.Debug|x86.Build.0 = Debug|Win32
		{81EC3AD1-F235-423A-BFA0-32FFDDF4966A}.Release|x64.ActiveCfg = Release|x64
		{81EC3AD1-F235-423A-BFA0-32FFDDF4966A}.Release|x64.Build.0 = Release|x64
		{81EC3AD1-F235-423A-BFA0-32FFDDF4966A}.Release|x86.ActiveCfg = Release|Win32
		{81EC3AD1-F235-423A-BFA0-32FFDDF4966A}.Release|x86.Build.0 = Release|Win32
		{2B45EC98-D3C4-4A75-B7D3-F996DA45936C}.Debug|x64.ActiveCfg = Debug|x64
		{2B45EC98-D3C4-4A75-B7D3-F996DA45936C}.Debug|x64.Build.0 = Debug|x64
		{2B45EC98-D3C4-4A75-B7D3-F996DA45936C}.Debug|x86.ActiveCfg = Debug|Win32
		{2B45EC98-D3C4-4A75-B7D3-F996DA45936C}.Debug|x86.Build.0 = Debug|Win32
		{2B45EC98-D3C4-4A75-B7D3-F996DA45936C}.Release|x64.ActiveCfg = Release|x64
		{2B45EC98-D3C4-4A75-B7D3-F996DA45936C}.Release|x64.Build.0 = Release|x64
		{2B45EC98-D3C4-4A75-B7D3-F996DA45936C}.Release|x86.ActiveCfg = Release|Win32
		{2B45EC98-D3C4-4A75-B7D3-F996DA45936C}.Release|x86.Build.0 = Release|Win32
	EndGlobalSection
	GlobalSection(SolutionProperties) = preSolution
		HideSolutionNode = FALSE
	EndGlobalSection
EndGlobal
